<?xml version="1.0" encoding="utf-8"?>
<Project ToolsVersion="4.0" xmlns="http://schemas.microsoft.com/developer/msbuild/2003">
  <ItemGroup>
    <Filter Include="Source Files">
      <UniqueIdentifier>{4FC737F1-C7A5-4376-A066-2A32D752A2FF}</UniqueIdentifier>
      <Extensions>cpp;c;cc;cxx;def;odl;idl;hpj;bat;asm;asmx</Extensions>
    </Filter>
    <Filter Include="Header Files">
      <UniqueIdentifier>{93995380-89BD-4b04-88EB-625FBE52EBFB}</UniqueIdentifier>
      <Extensions>h;hh;hpp;hxx;hm;inl;inc;ipp;xsd</Extensions>
    </Filter>
    <Filter Include="Resource Files">
      <UniqueIdentifier>{67DA6AB6-F800-4c08-8B7A-83BB121AAD01}</UniqueIdentifier>
      <Extensions>rc;ico;cur;bmp;dlg;rc2;rct;bin;rgs;gif;jpg;jpeg;jpe;resx;tiff;tif;png;wav;mfcribbon-ms</Extensions>
    </Filter>
    <Filter Include="Source Files\Com">
      <UniqueIdentifier>{5737c4c5-ed2c-48e5-9652-9868ed916f9d}</UniqueIdentifier>
    </Filter>
    <Filter Include="Source Files\Com\Client">
      <UniqueIdentifier>{edf135a0-d632-4e40-9b58-47decc22f868}</UniqueIdentifier>
    </Filter>
    <Filter Include="Source Files\Com\Client\Graphics">
      <UniqueIdentifier>{2bbea7b0-5acd-445b-b797-b73d9c985dd7}</UniqueIdentifier>
    </Filter>
    <Filter Include="Source Files\Com\Client\Audio">
      <UniqueIdentifier>{0334434c-fdb5-4b3c-9369-5dd4b79803bd}</UniqueIdentifier>
    </Filter>
    <Filter Include="Source Files\Com\Client\System">
      <UniqueIdentifier>{2c2b5370-f83f-4e43-b446-dc1b99add39a}</UniqueIdentifier>
    </Filter>
    <Filter Include="Source Files\Com\Game">
      <UniqueIdentifier>{de73e2d9-5088-4461-a23b-69eff02114ea}</UniqueIdentifier>
    </Filter>
    <Filter Include="Source Files\Com\Game\Card Container">
      <UniqueIdentifier>{9c07afa6-1899-4f45-99fe-dd24b14c434e}</UniqueIdentifier>
    </Filter>
    <Filter Include="Source Files\Com\Game\Card">
      <UniqueIdentifier>{c56c4f11-bb0c-4bee-a63c-9926aa024103}</UniqueIdentifier>
    </Filter>
    <Filter Include="Source Files\Com\Game\Field">
      <UniqueIdentifier>{9f88e51f-50f3-46f7-ae1c-122e08d481aa}</UniqueIdentifier>
    </Filter>
    <Filter Include="Header Files\Com">
      <UniqueIdentifier>{31e35502-e1ad-47c8-ba86-2e2a5d2c044f}</UniqueIdentifier>
    </Filter>
    <Filter Include="Header Files\Com\Client">
      <UniqueIdentifier>{f118c45d-ba43-49b5-8dcb-5766704421ff}</UniqueIdentifier>
    </Filter>
    <Filter Include="Header Files\Com\Client\Audio">
      <UniqueIdentifier>{13a951c3-7c92-4356-a30e-e35c18f9d42c}</UniqueIdentifier>
    </Filter>
    <Filter Include="Header Files\Com\Client\Graphics">
      <UniqueIdentifier>{ae3db4de-64d2-45f1-94dd-32eb070b465f}</UniqueIdentifier>
    </Filter>
    <Filter Include="Header Files\Com\Client\System">
      <UniqueIdentifier>{b449d66a-6647-4a31-ae54-a842ed818773}</UniqueIdentifier>
    </Filter>
    <Filter Include="Header Files\Com\Game">
      <UniqueIdentifier>{1923eac6-1eda-4a70-add0-3e0eb15a2ffb}</UniqueIdentifier>
    </Filter>
    <Filter Include="Header Files\Com\Game\Card">
      <UniqueIdentifier>{1818f6fa-1234-46df-ab71-45c602c47a08}</UniqueIdentifier>
    </Filter>
    <Filter Include="Header Files\Com\Game\Card Container">
      <UniqueIdentifier>{3d4d38a1-ef0b-416d-af7c-917740d24402}</UniqueIdentifier>
    </Filter>
    <Filter Include="Header Files\Com\Game\Field">
      <UniqueIdentifier>{6524838e-ecf4-4033-800c-44c77c01a797}</UniqueIdentifier>
    </Filter>
    <Filter Include="Header Files\Com\Game\Deck List">
      <UniqueIdentifier>{73ded078-fdee-4bba-9069-cafb7c7bf939}</UniqueIdentifier>
    </Filter>
    <Filter Include="Source Files\Com\Game\Deck List">
      <UniqueIdentifier>{d80c9901-5325-47cb-baad-0705eef6a885}</UniqueIdentifier>
    </Filter>
    <Filter Include="Source Files\Com\Client\Deck Builder">
      <UniqueIdentifier>{403c0727-d17f-4900-a49a-e4bb0720cd4a}</UniqueIdentifier>
    </Filter>
    <Filter Include="Source Files\Com\Game\Player">
      <UniqueIdentifier>{ef5c2ab5-4d63-401d-bcc5-1afa8bcda8a3}</UniqueIdentifier>
    </Filter>
    <Filter Include="Header Files\Com\Game\Player">
      <UniqueIdentifier>{a9df1375-2e57-48bb-aad9-a55e3a4ce1bc}</UniqueIdentifier>
    </Filter>
    <Filter Include="Source Files\Com\Game\Rules">
      <UniqueIdentifier>{6cfed81b-9130-4b01-abc6-f4db23f01a33}</UniqueIdentifier>
    </Filter>
    <Filter Include="Source Files\Com\Game\Game Phase">
      <UniqueIdentifier>{ab7c2fc7-594e-49bb-8702-9f88488439fe}</UniqueIdentifier>
    </Filter>
    <Filter Include="Header Files\Com\Game\Game Phase">
      <UniqueIdentifier>{6c438fb0-9649-44e9-a9fe-121164923c0a}</UniqueIdentifier>
    </Filter>
    <Filter Include="Header Files\Com\Game\Rules">
      <UniqueIdentifier>{ddae3a33-0b75-4129-b5c1-9f803fc7605e}</UniqueIdentifier>
    </Filter>
    <Filter Include="Header Files\Com\Game\Source">
      <UniqueIdentifier>{cf77b430-4938-480a-a7a0-28fc731fefb4}</UniqueIdentifier>
    </Filter>
    <Filter Include="Source Files\Com\Game\Source">
      <UniqueIdentifier>{e8380fa5-97d9-435c-ae00-95e37d7982d4}</UniqueIdentifier>
    </Filter>
    <Filter Include="Header Files\Com\Game\Effect">
      <UniqueIdentifier>{84cc194e-5556-418c-a3fc-c6cf90e5bb40}</UniqueIdentifier>
    </Filter>
    <Filter Include="Source Files\Com\Game\Effect">
      <UniqueIdentifier>{114f2610-25f3-41e6-aec0-a1a6b21dfc1c}</UniqueIdentifier>
    </Filter>
    <Filter Include="Header Files\Com\Client\Deck Builder">
      <UniqueIdentifier>{afdd2b5f-add6-414e-bb26-da726ebbb7fa}</UniqueIdentifier>
    </Filter>
    <Filter Include="Header Files\Com\Game\Event">
      <UniqueIdentifier>{ac3334fa-fa44-4e0f-bdaa-d3151e0176af}</UniqueIdentifier>
    </Filter>
    <Filter Include="Source Files\Com\Game\Event">
      <UniqueIdentifier>{2dfa05ec-85a3-4691-9068-5f7590ffd957}</UniqueIdentifier>
    </Filter>
    <Filter Include="Header Files\Com\Client\Graphics\Render">
      <UniqueIdentifier>{ad28474b-21dd-4bfa-9e1e-2ecd04fd05a8}</UniqueIdentifier>
    </Filter>
    <Filter Include="Source Files\Com\Client\Graphics\Render">
      <UniqueIdentifier>{527623c6-dcc3-4507-bdc6-aec7e7d1f25f}</UniqueIdentifier>
    </Filter>
    <Filter Include="Header Files\Com\Client\Graphics\Render\Renders">
      <UniqueIdentifier>{da7801a5-8c56-43c5-92f7-f1a8959259e6}</UniqueIdentifier>
    </Filter>
    <Filter Include="Source Files\Com\Client\Graphics\Render\Renders">
      <UniqueIdentifier>{1ce91d70-c6d3-44e2-816b-adc4e0efdd36}</UniqueIdentifier>
    </Filter>
    <Filter Include="Header Files\Com\Client\System\Settings">
      <UniqueIdentifier>{e2129e9f-16d9-4bac-8f20-8131f2e1f0de}</UniqueIdentifier>
    </Filter>
    <Filter Include="Source Files\Com\Client\System\Settings">
      <UniqueIdentifier>{da16d86d-4c3c-434b-b3d1-2822c0607266}</UniqueIdentifier>
    </Filter>
    <Filter Include="Header Files\Com\Client\Graphics\Render\Camera">
      <UniqueIdentifier>{0838f309-f082-4acf-92bf-aef76d78fc62}</UniqueIdentifier>
    </Filter>
    <Filter Include="Source Files\Com\Client\Graphics\Render\Camera">
      <UniqueIdentifier>{8dc0e60d-a52d-458c-9e5b-98795bc49eed}</UniqueIdentifier>
    </Filter>
    <Filter Include="Header Files\Com\Game\Event\Handling">
      <UniqueIdentifier>{a4e98ea2-554e-46fb-8f3c-2ce0af5b8e9d}</UniqueIdentifier>
    </Filter>
    <Filter Include="Header Files\Com\Game\Event\Events">
      <UniqueIdentifier>{7c6e6153-a6c6-4c00-968d-a080cc561ea5}</UniqueIdentifier>
    </Filter>
    <Filter Include="Source Files\Com\Game\Event\Handling">
      <UniqueIdentifier>{1fa6e3fd-bc90-4c63-b748-59e567b9f788}</UniqueIdentifier>
    </Filter>
    <Filter Include="Source Files\Com\Game\Event\Events">
      <UniqueIdentifier>{b48b721f-9f97-4044-9d23-a4712cd2e058}</UniqueIdentifier>
    </Filter>
    <Filter Include="Header Files\Com\Game\Event\Events\Interface">
      <UniqueIdentifier>{9d2ea690-7512-42f2-ad2b-a6c5ef2903b7}</UniqueIdentifier>
    </Filter>
    <Filter Include="Source Files\Com\Game\Event\Listener">
      <UniqueIdentifier>{359b9a6a-546e-4005-90a0-656cd95505b3}</UniqueIdentifier>
    </Filter>
    <Filter Include="Header Files\Com\Game\Event\Listener">
      <UniqueIdentifier>{76e23a3d-aab6-4e6c-9cce-107ac49c98c0}</UniqueIdentifier>
    </Filter>
    <Filter Include="Header Files\Com\Client\Interface">
      <UniqueIdentifier>{26a87441-eac3-4d1f-a9a7-8eee7d65cabc}</UniqueIdentifier>
    </Filter>
    <Filter Include="Header Files\Com\Client\System\Input">
      <UniqueIdentifier>{06a4f64a-5e68-4ccc-bd97-eb6078abd8b6}</UniqueIdentifier>
    </Filter>
    <Filter Include="Source Files\Com\Client\System\Input">
      <UniqueIdentifier>{28c95ceb-ab2c-4468-8767-76e12cbe564d}</UniqueIdentifier>
    </Filter>
    <Filter Include="Source Files\Com\Client\System\Interface">
      <UniqueIdentifier>{d0b05632-8438-42e9-a68c-87d7cf6e938b}</UniqueIdentifier>
    </Filter>
    <Filter Include="Source Files\Com\Client\System\Input\Mouse">
      <UniqueIdentifier>{858279ea-3e40-4b23-b66c-2b0e3480ec9a}</UniqueIdentifier>
    </Filter>
    <Filter Include="Header Files\Com\Client\System\Input\Mouse">
      <UniqueIdentifier>{1bc4fd54-0211-4c26-a89f-095d998ebc42}</UniqueIdentifier>
    </Filter>
    <Filter Include="Header Files\Com\Client\Interface\Button">
      <UniqueIdentifier>{c2747a29-1b0f-41fc-90f7-c7498e595e77}</UniqueIdentifier>
    </Filter>
    <Filter Include="Source Files\Com\Client\System\Interface\Button">
      <UniqueIdentifier>{515b1f23-12ab-4852-9168-8b80329dbfb2}</UniqueIdentifier>
    </Filter>
    <Filter Include="Source Files\Com\Game\Game Phase\Actions">
      <UniqueIdentifier>{0a4df3d2-6794-4e2e-8f06-9c1ae18f2983}</UniqueIdentifier>
    </Filter>
    <Filter Include="Header Files\Com\Game\Game Phase\Actions">
      <UniqueIdentifier>{d6fa3379-c87c-4436-aa02-b6e72ca6a6b6}</UniqueIdentifier>
    </Filter>
  </ItemGroup>
  <ItemGroup>
    <ClInclude Include="CardGame.h">
      <Filter>Header Files</Filter>
    </ClInclude>
    <ClInclude Include="Card.h">
      <Filter>Header Files\Com\Game\Card</Filter>
    </ClInclude>
    <ClInclude Include="Slot.h">
      <Filter>Header Files\Com\Game\Card Container</Filter>
    </ClInclude>
    <ClInclude Include="Hand.h">
      <Filter>Header Files\Com\Game\Card Container</Filter>
    </ClInclude>
    <ClInclude Include="Field.h">
      <Filter>Header Files\Com\Game\Field</Filter>
    </ClInclude>
    <ClInclude Include="Deck.h">
      <Filter>Header Files\Com\Game\Card Container</Filter>
    </ClInclude>
    <ClInclude Include="DeckList.h">
      <Filter>Header Files\Com\Game\Deck List</Filter>
    </ClInclude>
    <ClInclude Include="AbstractCardContainer.h">
      <Filter>Header Files\Com\Game\Card Container</Filter>
    </ClInclude>
    <ClInclude Include="AbstractGamePhase.h">
      <Filter>Header Files\Com\Game\Game Phase</Filter>
    </ClInclude>
    <ClInclude Include="StandardGamePhases.h">
      <Filter>Header Files\Com\Game\Game Phase</Filter>
    </ClInclude>
    <ClInclude Include="EnumGamePhase.h">
      <Filter>Header Files\Com\Game\Game Phase</Filter>
    </ClInclude>
    <ClInclude Include="ICardContainer.h">
      <Filter>Header Files\Com\Game\Card Container</Filter>
    </ClInclude>
    <ClInclude Include="Player.h">
      <Filter>Header Files\Com\Game\Player</Filter>
    </ClInclude>
    <ClInclude Include="Opponent.h">
      <Filter>Header Files\Com\Game\Player</Filter>
    </ClInclude>
    <ClInclude Include="GameEngine.h">
      <Filter>Header Files\Com\Game</Filter>
    </ClInclude>
    <ClInclude Include="RulesManager.h">
      <Filter>Header Files\Com\Game\Rules</Filter>
    </ClInclude>
    <ClInclude Include="Source.h">
      <Filter>Header Files\Com\Game\Source</Filter>
    </ClInclude>
    <ClInclude Include="EnumPriority.h">
      <Filter>Header Files\Com\Game\Rules</Filter>
    </ClInclude>
    <ClInclude Include="Effect.h">
      <Filter>Header Files\Com\Game\Effect</Filter>
    </ClInclude>
    <ClInclude Include="EffectParser.h">
      <Filter>Header Files\Com\Game\Effect</Filter>
    </ClInclude>
    <ClInclude Include="GameStateManager.h">
      <Filter>Header Files\Com\Game\Game Phase</Filter>
    </ClInclude>
    <ClInclude Include="GameComponents.h">
      <Filter>Header Files\Com\Game</Filter>
    </ClInclude>
    <ClInclude Include="RenderManager.h">
      <Filter>Header Files\Com\Client\Graphics\Render</Filter>
    </ClInclude>
    <ClInclude Include="IRenderable.h">
      <Filter>Header Files\Com\Client\Graphics\Render</Filter>
    </ClInclude>
    <ClInclude Include="SkinRegistry.h">
      <Filter>Header Files\Com\Client\Graphics\Render</Filter>
    </ClInclude>
    <ClInclude Include="AbstractRender.h">
      <Filter>Header Files\Com\Client\Graphics\Render\Renders</Filter>
    </ClInclude>
    <ClInclude Include="RenderCard.h">
      <Filter>Header Files\Com\Client\Graphics\Render\Renders</Filter>
    </ClInclude>
    <ClInclude Include="RenderField.h">
      <Filter>Header Files\Com\Client\Graphics\Render\Renders</Filter>
    </ClInclude>
    <ClInclude Include="RenderWrapper.h">
      <Filter>Header Files\Com\Client\Graphics\Render</Filter>
    </ClInclude>
    <ClInclude Include="RenderSlot.h">
      <Filter>Header Files\Com\Client\Graphics\Render\Renders</Filter>
    </ClInclude>
    <ClInclude Include="Settings.h">
      <Filter>Header Files\Com\Client\System\Settings</Filter>
    </ClInclude>
    <ClInclude Include="Camera.h">
      <Filter>Header Files\Com\Client\Graphics\Render\Camera</Filter>
    </ClInclude>
    <ClInclude Include="DummyRender.h">
      <Filter>Header Files\Com\Client\Graphics\Render\Renders</Filter>
    </ClInclude>
    <ClInclude Include="RenderBB.h">
      <Filter>Header Files\Com\Client\Graphics\Render\Renders</Filter>
    </ClInclude>
    <ClInclude Include="PhaseCycle.h">
      <Filter>Header Files\Com\Game\Game Phase</Filter>
    </ClInclude>
    <ClInclude Include="Event.h">
      <Filter>Header Files\Com\Game\Event\Events</Filter>
    </ClInclude>
    <ClInclude Include="ValidateMoveEvent.h">
      <Filter>Header Files\Com\Game\Event\Events</Filter>
    </ClInclude>
    <ClInclude Include="IValidationEvent.h">
      <Filter>Header Files\Com\Game\Event\Events\Interface</Filter>
    </ClInclude>
    <ClInclude Include="EventHandler.h">
      <Filter>Header Files\Com\Game\Event\Handling</Filter>
    </ClInclude>
    <ClInclude Include="IEventListener.h">
      <Filter>Header Files\Com\Game\Event\Listener</Filter>
    </ClInclude>
    <ClInclude Include="MouseHandler.h">
      <Filter>Header Files\Com\Client\System\Input\Mouse</Filter>
    </ClInclude>
    <ClInclude Include="IMouseListener.h">
      <Filter>Header Files\Com\Client\System\Input\Mouse</Filter>
    </ClInclude>
    <ClInclude Include="Button.h">
      <Filter>Header Files\Com\Client\Interface\Button</Filter>
    </ClInclude>
    <ClInclude Include="ValidateSummonEvent.h">
      <Filter>Header Files\Com\Game\Event\Events</Filter>
    </ClInclude>
    <ClInclude Include="GameObjectType.h">
      <Filter>Header Files\Com\Client\Graphics\Render</Filter>
    </ClInclude>
    <ClInclude Include="Rule.h">
      <Filter>Header Files\Com\Game\Rules</Filter>
    </ClInclude>
    <ClInclude Include="ResolutionPolicies.h">
      <Filter>Header Files\Com\Game\Game Phase\Actions</Filter>
    </ClInclude>
    <ClInclude Include="Action.h">
      <Filter>Header Files\Com\Game\Game Phase\Actions</Filter>
    </ClInclude>
    <ClInclude Include="Actions.h">
      <Filter>Header Files\Com\Game\Game Phase\Actions</Filter>
    </ClInclude>
    <ClInclude Include="GamePhasePlanning.h">
      <Filter>Header Files\Com\Game\Game Phase</Filter>
    </ClInclude>
    <ClInclude Include="GamePhaseAction.h">
      <Filter>Header Files\Com\Game\Game Phase</Filter>
    </ClInclude>
    <ClInclude Include="MoveEvent.h">
      <Filter>Header Files\Com\Game\Event\Events</Filter>
    </ClInclude>
  </ItemGroup>
  <ItemGroup>
    <ClCompile Include="Card.cpp">
      <Filter>Source Files\Com\Game\Card</Filter>
    </ClCompile>
    <ClCompile Include="Slot.cpp">
      <Filter>Source Files\Com\Game\Card Container</Filter>
    </ClCompile>
    <ClCompile Include="Field.cpp">
      <Filter>Source Files\Com\Game\Field</Filter>
    </ClCompile>
    <ClCompile Include="Hand.cpp">
      <Filter>Source Files\Com\Game\Card Container</Filter>
    </ClCompile>
    <ClCompile Include="Deck.cpp">
      <Filter>Source Files\Com\Game\Card Container</Filter>
    </ClCompile>
    <ClCompile Include="DeckList.cpp">
      <Filter>Source Files\Com\Game\Deck List</Filter>
    </ClCompile>
    <ClCompile Include="AbstractCardContainer.cpp">
      <Filter>Source Files\Com\Game\Card Container</Filter>
    </ClCompile>
    <ClCompile Include="StandardGamePhases.cpp">
      <Filter>Source Files\Com\Game\Game Phase</Filter>
    </ClCompile>
    <ClCompile Include="Player.cpp">
      <Filter>Source Files\Com\Game\Player</Filter>
    </ClCompile>
    <ClCompile Include="Opponent.cpp">
      <Filter>Source Files\Com\Game\Player</Filter>
    </ClCompile>
    <ClCompile Include="GameEngine.cpp">
      <Filter>Source Files\Com\Game</Filter>
    </ClCompile>
    <ClCompile Include="CardGame.cpp">
      <Filter>Source Files\Com</Filter>
    </ClCompile>
    <ClCompile Include="ICardContainer.cpp">
      <Filter>Source Files\Com\Game\Card Container</Filter>
    </ClCompile>
    <ClCompile Include="RulesManager.cpp">
      <Filter>Source Files\Com\Game\Rules</Filter>
    </ClCompile>
    <ClCompile Include="Source.cpp">
      <Filter>Source Files\Com\Game\Source</Filter>
    </ClCompile>
    <ClCompile Include="Effect.cpp">
      <Filter>Source Files\Com\Game\Effect</Filter>
    </ClCompile>
    <ClCompile Include="EffectParser.cpp">
      <Filter>Source Files\Com\Game\Effect</Filter>
    </ClCompile>
    <ClCompile Include="GameStateManager.cpp">
      <Filter>Source Files\Com\Game\Game Phase</Filter>
    </ClCompile>
    <ClCompile Include="AbstractGamePhase.cpp">
      <Filter>Source Files\Com\Game\Game Phase</Filter>
    </ClCompile>
    <ClCompile Include="RenderManager.cpp">
      <Filter>Source Files\Com\Client\Graphics\Render</Filter>
    </ClCompile>
    <ClCompile Include="IRenderable.cpp">
      <Filter>Source Files\Com\Client\Graphics\Render</Filter>
    </ClCompile>
    <ClCompile Include="SkinRegistry.cpp">
      <Filter>Source Files\Com\Client\Graphics\Render</Filter>
    </ClCompile>
    <ClCompile Include="RenderCard.cpp">
      <Filter>Source Files\Com\Client\Graphics\Render\Renders</Filter>
    </ClCompile>
    <ClCompile Include="RenderField.cpp">
      <Filter>Source Files\Com\Client\Graphics\Render\Renders</Filter>
    </ClCompile>
    <ClCompile Include="RenderSlot.cpp">
      <Filter>Source Files\Com\Client\Graphics\Render\Renders</Filter>
    </ClCompile>
    <ClCompile Include="Settings.cpp">
      <Filter>Source Files\Com\Client\System\Settings</Filter>
    </ClCompile>
    <ClCompile Include="Camera.cpp">
      <Filter>Source Files\Com\Client\Graphics\Render\Camera</Filter>
    </ClCompile>
    <ClCompile Include="RenderBB.cpp">
      <Filter>Source Files\Com\Client\Graphics\Render\Renders</Filter>
    </ClCompile>
    <ClCompile Include="PhaseCycle.cpp">
      <Filter>Source Files\Com\Game\Game Phase</Filter>
    </ClCompile>
    <ClCompile Include="MouseHandler.cpp">
      <Filter>Source Files\Com\Client\System\Input\Mouse</Filter>
    </ClCompile>
    <ClCompile Include="IMouseListener.cpp">
      <Filter>Source Files\Com\Client\System\Input\Mouse</Filter>
    </ClCompile>
    <ClCompile Include="EventHandler.cpp">
      <Filter>Source Files\Com\Game\Event\Handling</Filter>
    </ClCompile>
    <ClCompile Include="Rule.cpp">
      <Filter>Source Files\Com\Game\Rules</Filter>
    </ClCompile>
    <ClCompile Include="ResolutionPolicies.cpp">
      <Filter>Source Files\Com\Game\Game Phase\Actions</Filter>
    </ClCompile>
    <ClCompile Include="Actions.cpp">
      <Filter>Source Files\Com\Game\Game Phase\Actions</Filter>
    </ClCompile>
    <ClCompile Include="GamePhasePlanning.cpp">
      <Filter>Source Files\Com\Game\Game Phase</Filter>
    </ClCompile>
    <ClCompile Include="GamePhaseAction.cpp">
      <Filter>Source Files\Com\Game\Game Phase</Filter>
    </ClCompile>
  </ItemGroup>
  <ItemGroup>
    <ResourceCompile Include="CardGame.rc">
      <Filter>Resource Files</Filter>
    </ResourceCompile>
  </ItemGroup>
</Project>