
Microsoft Visual Studio Solution File, Format Version 12.00
# Visual Studio 15
VisualStudioVersion = 15.0.28307.645
MinimumVisualStudioVersion = 10.0.40219.1
Project("{8BC9CEB8-8B4A-11D0-8D11-00A0C91BC942}") = "CardGame", "CardGame\CardGame.vcxproj", "{BBBEACE1-90FC-4E24-B963-893C20B2332C}"
EndProject
Global
	GlobalSection(SolutionConfigurationPlatforms) = preSolution
		Debug|x64 = Debug|x64
		Debug|x86 = Debug|x86
		Release|x64 = Release|x64
		Release|x86 = Release|x86
	EndGlobalSection
	GlobalSection(ProjectConfigurationPlatforms) = postSolution
		{BBBEACE1-90FC-4E24-B963-893C20B2332C}.Debug|x64.ActiveCfg = Debug|x64
		{BBBEACE1-90FC-4E24-B963-893C20B2332C}.Debug|x64.Build.0 = Debug|x64
		{BBBEACE1-90FC-4E24-B963-893C20B2332C}.Debug|x86.ActiveCfg = Debug|Win32
		{BBBEACE1-90FC-4E24-B963-893C20B2332C}.Debug|x86.Build.0 = Debug|Win32
		{BBBEACE1-90FC-4E24-B963-893C20B2332C}.Release|x64.ActiveCfg = Release|x64
		{BBBEACE1-90FC-4E24-B963-893C20B2332C}.Release|x64.Build.0 = Release|x64
		{BBBEACE1-90FC-4E24-B963-893C20B2332C}.Release|x86.ActiveCfg = Release|Win32
		{BBBEACE1-90FC-4E24-B963-893C20B2332C}.Release|x86.Build.0 = Release|Win32
	EndGlobalSection
	GlobalSection(SolutionProperties) = preSolution
		HideSolutionNode = FALSE
	EndGlobalSection
	GlobalSection(ExtensibilityGlobals) = postSolution
		SolutionGuid = {A64C831D-DA86-41DA-9FA2-BED456B58414}
	EndGlobalSection
EndGlobal
